// !$*UTF8*$!
{
	archiveVersion = 1;
	classes = {
	};
	objectVersion = 50;
	objects = {

/* Begin PBXBuildFile section */
		D7D705B0214954DC007C3C57 /* AppDelegate.m in Sources */ = {isa = PBXBuildFile; fileRef = D7D705AF214954DC007C3C57 /* AppDelegate.m */; };
		D7D705B6214954DC007C3C57 /* Main.storyboard in Resources */ = {isa = PBXBuildFile; fileRef = D7D705B4214954DC007C3C57 /* Main.storyboard */; };
		D7D705B8214954DD007C3C57 /* Assets.xcassets in Resources */ = {isa = PBXBuildFile; fileRef = D7D705B7214954DD007C3C57 /* Assets.xcassets */; };
		D7D705BB214954DD007C3C57 /* LaunchScreen.storyboard in Resources */ = {isa = PBXBuildFile; fileRef = D7D705B9214954DD007C3C57 /* LaunchScreen.storyboard */; };
		D7D705BE214954DD007C3C57 /* main.m in Sources */ = {isa = PBXBuildFile; fileRef = D7D705BD214954DD007C3C57 /* main.m */; };
		D7D705CF214955DA007C3C57 /* JTGRover.m in Sources */ = {isa = PBXBuildFile; fileRef = D7D705CE214955DA007C3C57 /* JTGRover.m */; };
		D7D705D221495BED007C3C57 /* JTGPhoto.m in Sources */ = {isa = PBXBuildFile; fileRef = D7D705D121495BED007C3C57 /* JTGPhoto.m */; };
		D7D705D521495E0B007C3C57 /* JTGSolDescription.m in Sources */ = {isa = PBXBuildFile; fileRef = D7D705D421495E0B007C3C57 /* JTGSolDescription.m */; };
		D7D7063B2149BC0F007C3C57 /* APIKeys.plist in Resources */ = {isa = PBXBuildFile; fileRef = D7D7063A2149BC0F007C3C57 /* APIKeys.plist */; };
		D7D7063E2149BE25007C3C57 /* JTGMarsRoverClient.m in Sources */ = {isa = PBXBuildFile; fileRef = D7D7063D2149BE25007C3C57 /* JTGMarsRoverClient.m */; };
/* End PBXBuildFile section */

/* Begin PBXFileReference section */
		D7D705AB214954DC007C3C57 /* Rover.app */ = {isa = PBXFileReference; explicitFileType = wrapper.application; includeInIndex = 0; path = Rover.app; sourceTree = BUILT_PRODUCTS_DIR; };
		D7D705AE214954DC007C3C57 /* AppDelegate.h */ = {isa = PBXFileReference; lastKnownFileType = sourcecode.c.h; path = AppDelegate.h; sourceTree = "<group>"; };
		D7D705AF214954DC007C3C57 /* AppDelegate.m */ = {isa = PBXFileReference; lastKnownFileType = sourcecode.c.objc; path = AppDelegate.m; sourceTree = "<group>"; };
		D7D705B5214954DC007C3C57 /* Base */ = {isa = PBXFileReference; lastKnownFileType = file.storyboard; name = Base; path = Base.lproj/Main.storyboard; sourceTree = "<group>"; };
		D7D705B7214954DD007C3C57 /* Assets.xcassets */ = {isa = PBXFileReference; lastKnownFileType = folder.assetcatalog; path = Assets.xcassets; sourceTree = "<group>"; };
		D7D705BA214954DD007C3C57 /* Base */ = {isa = PBXFileReference; lastKnownFileType = file.storyboard; name = Base; path = Base.lproj/LaunchScreen.storyboard; sourceTree = "<group>"; };
		D7D705BC214954DD007C3C57 /* Info.plist */ = {isa = PBXFileReference; lastKnownFileType = text.plist.xml; path = Info.plist; sourceTree = "<group>"; };
		D7D705BD214954DD007C3C57 /* main.m */ = {isa = PBXFileReference; lastKnownFileType = sourcecode.c.objc; path = main.m; sourceTree = "<group>"; };
		D7D705CD214955DA007C3C57 /* JTGRover.h */ = {isa = PBXFileReference; lastKnownFileType = sourcecode.c.h; path = JTGRover.h; sourceTree = "<group>"; };
		D7D705CE214955DA007C3C57 /* JTGRover.m */ = {isa = PBXFileReference; lastKnownFileType = sourcecode.c.objc; path = JTGRover.m; sourceTree = "<group>"; };
		D7D705D021495BED007C3C57 /* JTGPhoto.h */ = {isa = PBXFileReference; lastKnownFileType = sourcecode.c.h; path = JTGPhoto.h; sourceTree = "<group>"; };
		D7D705D121495BED007C3C57 /* JTGPhoto.m */ = {isa = PBXFileReference; lastKnownFileType = sourcecode.c.objc; path = JTGPhoto.m; sourceTree = "<group>"; };
		D7D705D321495E0B007C3C57 /* JTGSolDescription.h */ = {isa = PBXFileReference; lastKnownFileType = sourcecode.c.h; path = JTGSolDescription.h; sourceTree = "<group>"; };
		D7D705D421495E0B007C3C57 /* JTGSolDescription.m */ = {isa = PBXFileReference; lastKnownFileType = sourcecode.c.objc; path = JTGSolDescription.m; sourceTree = "<group>"; };
		D7D7063A2149BC0F007C3C57 /* APIKeys.plist */ = {isa = PBXFileReference; lastKnownFileType = text.plist.xml; path = APIKeys.plist; sourceTree = "<group>"; };
		D7D7063C2149BE25007C3C57 /* JTGMarsRoverClient.h */ = {isa = PBXFileReference; lastKnownFileType = sourcecode.c.h; path = JTGMarsRoverClient.h; sourceTree = "<group>"; };
		D7D7063D2149BE25007C3C57 /* JTGMarsRoverClient.m */ = {isa = PBXFileReference; lastKnownFileType = sourcecode.c.objc; path = JTGMarsRoverClient.m; sourceTree = "<group>"; };
/* End PBXFileReference section */

/* Begin PBXFrameworksBuildPhase section */
		D7D705A8214954DC007C3C57 /* Frameworks */ = {
			isa = PBXFrameworksBuildPhase;
			buildActionMask = 2147483647;
			files = (
			);
			runOnlyForDeploymentPostprocessing = 0;
		};
/* End PBXFrameworksBuildPhase section */

/* Begin PBXGroup section */
		D7D705A2214954DC007C3C57 = {
			isa = PBXGroup;
			children = (
				D7D705AD214954DC007C3C57 /* Rover */,
				D7D705AC214954DC007C3C57 /* Products */,
			);
			sourceTree = "<group>";
		};
		D7D705AC214954DC007C3C57 /* Products */ = {
			isa = PBXGroup;
			children = (
				D7D705AB214954DC007C3C57 /* Rover.app */,
			);
			name = Products;
			sourceTree = "<group>";
		};
		D7D705AD214954DC007C3C57 /* Rover */ = {
			isa = PBXGroup;
			children = (
				D7D705CB214954FC007C3C57 /* UI */,
				D7D705C6214954FC007C3C57 /* Model */,
				D7D705CC214954FC007C3C57 /* Client */,
				D7D705C4214954FC007C3C57 /* View */,
				D7D705C5214954FC007C3C57 /* ViewController */,
				D7D705CA214954FC007C3C57 /* Resources */,
			);
			path = Rover;
			sourceTree = "<group>";
		};
		D7D705C4214954FC007C3C57 /* View */ = {
			isa = PBXGroup;
			children = (
			);
			path = View;
			sourceTree = "<group>";
		};
		D7D705C5214954FC007C3C57 /* ViewController */ = {
			isa = PBXGroup;
			children = (
			);
			path = ViewController;
			sourceTree = "<group>";
		};
		D7D705C6214954FC007C3C57 /* Model */ = {
			isa = PBXGroup;
			children = (
				D7D705CD214955DA007C3C57 /* JTGRover.h */,
				D7D705CE214955DA007C3C57 /* JTGRover.m */,
				D7D705D021495BED007C3C57 /* JTGPhoto.h */,
				D7D705D121495BED007C3C57 /* JTGPhoto.m */,
				D7D705D321495E0B007C3C57 /* JTGSolDescription.h */,
				D7D705D421495E0B007C3C57 /* JTGSolDescription.m */,
			);
			path = Model;
			sourceTree = "<group>";
		};
		D7D705CA214954FC007C3C57 /* Resources */ = {
			isa = PBXGroup;
			children = (
				D7D705AE214954DC007C3C57 /* AppDelegate.h */,
				D7D705AF214954DC007C3C57 /* AppDelegate.m */,
				D7D705B7214954DD007C3C57 /* Assets.xcassets */,
				D7D705B9214954DD007C3C57 /* LaunchScreen.storyboard */,
				D7D705BC214954DD007C3C57 /* Info.plist */,
				D7D7063A2149BC0F007C3C57 /* APIKeys.plist */,
				D7D705BD214954DD007C3C57 /* main.m */,
			);
			path = Resources;
			sourceTree = "<group>";
		};
		D7D705CB214954FC007C3C57 /* UI */ = {
			isa = PBXGroup;
			children = (
				D7D705B4214954DC007C3C57 /* Main.storyboard */,
			);
			path = UI;
			sourceTree = "<group>";
		};
		D7D705CC214954FC007C3C57 /* Client */ = {
			isa = PBXGroup;
			children = (
				D7D7063C2149BE25007C3C57 /* JTGMarsRoverClient.h */,
				D7D7063D2149BE25007C3C57 /* JTGMarsRoverClient.m */,
			);
			path = Client;
			sourceTree = "<group>";
		};
/* End PBXGroup section */

/* Begin PBXNativeTarget section */
		D7D705AA214954DC007C3C57 /* Rover */ = {
			isa = PBXNativeTarget;
			buildConfigurationList = D7D705C1214954DE007C3C57 /* Build configuration list for PBXNativeTarget "Rover" */;
			buildPhases = (
				D7D705A7214954DC007C3C57 /* Sources */,
				D7D705A8214954DC007C3C57 /* Frameworks */,
				D7D705A9214954DC007C3C57 /* Resources */,
			);
			buildRules = (
			);
			dependencies = (
			);
			name = Rover;
			productName = Rover;
			productReference = D7D705AB214954DC007C3C57 /* Rover.app */;
			productType = "com.apple.product-type.application";
		};
/* End PBXNativeTarget section */

/* Begin PBXProject section */
		D7D705A3214954DC007C3C57 /* Project object */ = {
			isa = PBXProject;
			attributes = {
				CLASSPREFIX = JTG;
				LastUpgradeCheck = 0940;
				ORGANIZATIONNAME = "Jason Goodney";
				TargetAttributes = {
					D7D705AA214954DC007C3C57 = {
						CreatedOnToolsVersion = 9.4.1;
					};
				};
			};
			buildConfigurationList = D7D705A6214954DC007C3C57 /* Build configuration list for PBXProject "Rover" */;
			compatibilityVersion = "Xcode 9.3";
			developmentRegion = en;
			hasScannedForEncodings = 0;
			knownRegions = (
				en,
				Base,
			);
			mainGroup = D7D705A2214954DC007C3C57;
			productRefGroup = D7D705AC214954DC007C3C57 /* Products */;
			projectDirPath = "";
			projectRoot = "";
			targets = (
				D7D705AA214954DC007C3C57 /* Rover */,
			);
		};
/* End PBXProject section */

/* Begin PBXResourcesBuildPhase section */
		D7D705A9214954DC007C3C57 /* Resources */ = {
			isa = PBXResourcesBuildPhase;
			buildActionMask = 2147483647;
			files = (
				D7D705BB214954DD007C3C57 /* LaunchScreen.storyboard in Resources */,
				D7D7063B2149BC0F007C3C57 /* APIKeys.plist in Resources */,
				D7D705B8214954DD007C3C57 /* Assets.xcassets in Resources */,
				D7D705B6214954DC007C3C57 /* Main.storyboard in Resources */,
			);
			runOnlyForDeploymentPostprocessing = 0;
		};
/* End PBXResourcesBuildPhase section */

/* Begin PBXSourcesBuildPhase section */
		D7D705A7214954DC007C3C57 /* Sources */ = {
			isa = PBXSourcesBuildPhase;
			buildActionMask = 2147483647;
			files = (
				D7D705D221495BED007C3C57 /* JTGPhoto.m in Sources */,
				D7D705D521495E0B007C3C57 /* JTGSolDescription.m in Sources */,
				D7D705CF214955DA007C3C57 /* JTGRover.m in Sources */,
				D7D705BE214954DD007C3C57 /* main.m in Sources */,
				D7D7063E2149BE25007C3C57 /* JTGMarsRoverClient.m in Sources */,
				D7D705B0214954DC007C3C57 /* AppDelegate.m in Sources */,
			);
			runOnlyForDeploymentPostprocessing = 0;
		};
/* End PBXSourcesBuildPhase section */

/* Begin PBXVariantGroup section */
		D7D705B4214954DC007C3C57 /* Main.storyboard */ = {
			isa = PBXVariantGroup;
			children = (
				D7D705B5214954DC007C3C57 /* Base */,
			);
			name = Main.storyboard;
			sourceTree = "<group>";
		};
		D7D705B9214954DD007C3C57 /* LaunchScreen.storyboard */ = {
			isa = PBXVariantGroup;
			children = (
				D7D705BA214954DD007C3C57 /* Base */,
			);
			name = LaunchScreen.storyboard;
			sourceTree = "<group>";
		};
/* End PBXVariantGroup section */

/* Begin XCBuildConfiguration section */
		D7D705BF214954DE007C3C57 /* Debug */ = {
			isa = XCBuildConfiguration;
			buildSettings = {
				ALWAYS_SEARCH_USER_PATHS = NO;
				CLANG_ANALYZER_NONNULL = YES;
				CLANG_ANALYZER_NUMBER_OBJECT_CONVERSION = YES_AGGRESSIVE;
				CLANG_CXX_LANGUAGE_STANDARD = "gnu++14";
				CLANG_CXX_LIBRARY = "libc++";
				CLANG_ENABLE_MODULES = YES;
				CLANG_ENABLE_OBJC_ARC = YES;
				CLANG_ENABLE_OBJC_WEAK = YES;
				CLANG_WARN_BLOCK_CAPTURE_AUTORELEASING = YES;
				CLANG_WARN_BOOL_CONVERSION = YES;
				CLANG_WARN_COMMA = YES;
				CLANG_WARN_CONSTANT_CONVERSION = YES;
				CLANG_WARN_DEPRECATED_OBJC_IMPLEMENTATIONS = YES;
				CLANG_WARN_DIRECT_OBJC_ISA_USAGE = YES_ERROR;
				CLANG_WARN_DOCUMENTATION_COMMENTS = YES;
				CLANG_WARN_EMPTY_BODY = YES;
				CLANG_WARN_ENUM_CONVERSION = YES;
				CLANG_WARN_INFINITE_RECURSION = YES;
				CLANG_WARN_INT_CONVERSION = YES;
				CLANG_WARN_NON_LITERAL_NULL_CONVERSION = YES;
				CLANG_WARN_OBJC_IMPLICIT_RETAIN_SELF = YES;
				CLANG_WARN_OBJC_LITERAL_CONVERSION = YES;
				CLANG_WARN_OBJC_ROOT_CLASS = YES_ERROR;
				CLANG_WARN_RANGE_LOOP_ANALYSIS = YES;
				CLANG_WARN_STRICT_PROTOTYPES = YES;
				CLANG_WARN_SUSPICIOUS_MOVE = YES;
				CLANG_WARN_UNGUARDED_AVAILABILITY = YES_AGGRESSIVE;
				CLANG_WARN_UNREACHABLE_CODE = YES;
				CLANG_WARN__DUPLICATE_METHOD_MATCH = YES;
				CODE_SIGN_IDENTITY = "iPhone Developer";
				COPY_PHASE_STRIP = NO;
				DEBUG_INFORMATION_FORMAT = dwarf;
				ENABLE_STRICT_OBJC_MSGSEND = YES;
				ENABLE_TESTABILITY = YES;
				GCC_C_LANGUAGE_STANDARD = gnu11;
				GCC_DYNAMIC_NO_PIC = NO;
				GCC_NO_COMMON_BLOCKS = YES;
				GCC_OPTIMIZATION_LEVEL = 0;
				GCC_PREPROCESSOR_DEFINITIONS = (
					"DEBUG=1",
					"$(inherited)",
				);
				GCC_WARN_64_TO_32_BIT_CONVERSION = YES;
				GCC_WARN_ABOUT_RETURN_TYPE = YES_ERROR;
				GCC_WARN_UNDECLARED_SELECTOR = YES;
				GCC_WARN_UNINITIALIZED_AUTOS = YES_AGGRESSIVE;
				GCC_WARN_UNUSED_FUNCTION = YES;
				GCC_WARN_UNUSED_VARIABLE = YES;
				IPHONEOS_DEPLOYMENT_TARGET = 11.4;
				MTL_ENABLE_DEBUG_INFO = YES;
				ONLY_ACTIVE_ARCH = YES;
				SDKROOT = iphoneos;
			};
			name = Debug;
		};
		D7D705C0214954DE007C3C57 /* Release */ = {
			isa = XCBuildConfiguration;
			buildSettings = {
				ALWAYS_SEARCH_USER_PATHS = NO;
				CLANG_ANALYZER_NONNULL = YES;
				CLANG_ANALYZER_NUMBER_OBJECT_CONVERSION = YES_AGGRESSIVE;
				CLANG_CXX_LANGUAGE_STANDARD = "gnu++14";
				CLANG_CXX_LIBRARY = "libc++";
				CLANG_ENABLE_MODULES = YES;
				CLANG_ENABLE_OBJC_ARC = YES;
				CLANG_ENABLE_OBJC_WEAK = YES;
				CLANG_WARN_BLOCK_CAPTURE_AUTORELEASING = YES;
				CLANG_WARN_BOOL_CONVERSION = YES;
				CLANG_WARN_COMMA = YES;
				CLANG_WARN_CONSTANT_CONVERSION = YES;
				CLANG_WARN_DEPRECATED_OBJC_IMPLEMENTATIONS = YES;
				CLANG_WARN_DIRECT_OBJC_ISA_USAGE = YES_ERROR;
				CLANG_WARN_DOCUMENTATION_COMMENTS = YES;
				CLANG_WARN_EMPTY_BODY = YES;
				CLANG_WARN_ENUM_CONVERSION = YES;
				CLANG_WARN_INFINITE_RECURSION = YES;
				CLANG_WARN_INT_CONVERSION = YES;
				CLANG_WARN_NON_LITERAL_NULL_CONVERSION = YES;
				CLANG_WARN_OBJC_IMPLICIT_RETAIN_SELF = YES;
				CLANG_WARN_OBJC_LITERAL_CONVERSION = YES;
				CLANG_WARN_OBJC_ROOT_CLASS = YES_ERROR;
				CLANG_WARN_RANGE_LOOP_ANALYSIS = YES;
				CLANG_WARN_STRICT_PROTOTYPES = YES;
				CLANG_WARN_SUSPICIOUS_MOVE = YES;
				CLANG_WARN_UNGUARDED_AVAILABILITY = YES_AGGRESSIVE;
				CLANG_WARN_UNREACHABLE_CODE = YES;
				CLANG_WARN__DUPLICATE_METHOD_MATCH = YES;
				CODE_SIGN_IDENTITY = "iPhone Developer";
				COPY_PHASE_STRIP = NO;
				DEBUG_INFORMATION_FORMAT = "dwarf-with-dsym";
				ENABLE_NS_ASSERTIONS = NO;
				ENABLE_STRICT_OBJC_MSGSEND = YES;
				GCC_C_LANGUAGE_STANDARD = gnu11;
				GCC_NO_COMMON_BLOCKS = YES;
				GCC_WARN_64_TO_32_BIT_CONVERSION = YES;
				GCC_WARN_ABOUT_RETURN_TYPE = YES_ERROR;
				GCC_WARN_UNDECLARED_SELECTOR = YES;
				GCC_WARN_UNINITIALIZED_AUTOS = YES_AGGRESSIVE;
				GCC_WARN_UNUSED_FUNCTION = YES;
				GCC_WARN_UNUSED_VARIABLE = YES;
				IPHONEOS_DEPLOYMENT_TARGET = 11.4;
				MTL_ENABLE_DEBUG_INFO = NO;
				SDKROOT = iphoneos;
				VALIDATE_PRODUCT = YES;
			};
			name = Release;
		};
		D7D705C2214954DE007C3C57 /* Debug */ = {
			isa = XCBuildConfiguration;
			buildSettings = {
				ASSETCATALOG_COMPILER_APPICON_NAME = AppIcon;
				CODE_SIGN_STYLE = Automatic;
				DEVELOPMENT_TEAM = K2R548H5LT;
				INFOPLIST_FILE = "$(SRCROOT)/Rover/Resources/Info.plist";
				LD_RUNPATH_SEARCH_PATHS = (
					"$(inherited)",
					"@executable_path/Frameworks",
				);
				PRODUCT_BUNDLE_IDENTIFIER = com.jasongoodney.Rover;
				PRODUCT_NAME = "$(TARGET_NAME)";
				TARGETED_DEVICE_FAMILY = "1,2";
			};
			name = Debug;
		};
		D7D705C3214954DE007C3C57 /* Release */ = {
			isa = XCBuildConfiguration;
			buildSettings = {
				ASSETCATALOG_COMPILER_APPICON_NAME = AppIcon;
				CODE_SIGN_STYLE = Automatic;
				DEVELOPMENT_TEAM = K2R548H5LT;
				INFOPLIST_FILE = "$(SRCROOT)/Rover/Resources/Info.plist";
				LD_RUNPATH_SEARCH_PATHS = (
					"$(inherited)",
					"@executable_path/Frameworks",
				);
				PRODUCT_BUNDLE_IDENTIFIER = com.jasongoodney.Rover;
				PRODUCT_NAME = "$(TARGET_NAME)";
				TARGETED_DEVICE_FAMILY = "1,2";
			};
			name = Release;
		};
/* End XCBuildConfiguration section */

/* Begin XCConfigurationList section */
		D7D705A6214954DC007C3C57 /* Build configuration list for PBXProject "Rover" */ = {
			isa = XCConfigurationList;
			buildConfigurations = (
				D7D705BF214954DE007C3C57 /* Debug */,
				D7D705C0214954DE007C3C57 /* Release */,
			);
			defaultConfigurationIsVisible = 0;
			defaultConfigurationName = Release;
		};
		D7D705C1214954DE007C3C57 /* Build configuration list for PBXNativeTarget "Rover" */ = {
			isa = XCConfigurationList;
			buildConfigurations = (
				D7D705C2214954DE007C3C57 /* Debug */,
				D7D705C3214954DE007C3C57 /* Release */,
			);
			defaultConfigurationIsVisible = 0;
			defaultConfigurationName = Release;
		};
/* End XCConfigurationList section */
	};
	rootObject = D7D705A3214954DC007C3C57 /* Project object */;
}
